# This file is automatically @generated by Cargo.
# It is not intended for manual editing.
version = 3

[[package]]
name = "autocfg"
version = "1.1.0"
source = "registry+https://github.com/rust-lang/crates.io-index"
checksum = "d468802bab17cbc0cc575e9b053f41e72aa36bfa6b7f55e3529ffa43161b97fa"

[[package]]
name = "cc"
version = "1.0.73"
source = "registry+https://github.com/rust-lang/crates.io-index"
checksum = "2fff2a6927b3bb87f9595d67196a70493f627687a71d87a0d692242c33f58c11"

[[package]]
name = "cfg-if"
version = "1.0.0"
source = "registry+https://github.com/rust-lang/crates.io-index"
checksum = "baf1de4339761588bc0619e3cbc0120ee582ebb74b53b4efbf79117bd2da40fd"

[[package]]
name = "chrono"
version = "0.4.19"
source = "registry+https://github.com/rust-lang/crates.io-index"
checksum = "670ad68c9088c2a963aaa298cb369688cf3f9465ce5e2d4ca10e6e0098a1ce73"
dependencies = [
 "libc",
 "num-integer",
 "num-traits",
 "winapi",
]

[[package]]
name = "core-foundation-sys"
version = "0.8.3"
source = "registry+https://github.com/rust-lang/crates.io-index"
checksum = "5827cebf4670468b8772dd191856768aedcb1b0278a04f989f7766351917b9dc"

[[package]]
name = "hermit-abi"
version = "0.1.19"
source = "registry+https://github.com/rust-lang/crates.io-index"
checksum = "62b467343b94ba476dcb2500d242dadbb39557df889310ac77c5d99100aaac33"
dependencies = [
 "libc",
]

[[package]]
name = "home"
version = "0.5.3"
source = "registry+https://github.com/rust-lang/crates.io-index"
checksum = "2456aef2e6b6a9784192ae780c0f15bc57df0e918585282325e8c8ac27737654"
dependencies = [
 "winapi",
]

[[package]]
name = "itoa"
version = "1.0.1"
source = "registry+https://github.com/rust-lang/crates.io-index"
checksum = "1aab8fc367588b89dcee83ab0fd66b72b50b72fa1904d7095045ace2b0c81c35"

[[package]]
name = "libc"
version = "0.2.125"
source = "registry+https://github.com/rust-lang/crates.io-index"
checksum = "5916d2ae698f6de9bfb891ad7a8d65c09d232dc58cc4ac433c7da3b2fd84bc2b"

[[package]]
name = "libloading"
version = "0.7.3"
source = "registry+https://github.com/rust-lang/crates.io-index"
checksum = "efbc0f03f9a775e9f6aed295c6a1ba2253c5757a9e03d55c6caa46a681abcddd"
dependencies = [
 "cfg-if",
 "winapi",
]

[[package]]
name = "log"
version = "0.4.17"
source = "registry+https://github.com/rust-lang/crates.io-index"
checksum = "abb12e687cfb44aa40f41fc3978ef76448f9b6038cad6aef4259d3c095a2382e"
dependencies = [
 "cfg-if",
]

[[package]]
name = "mio"
version = "0.8.2"
source = "registry+https://github.com/rust-lang/crates.io-index"
checksum = "52da4364ffb0e4fe33a9841a98a3f3014fb964045ce4f7a45a398243c8d6b0c9"
dependencies = [
 "libc",
 "log",
 "miow",
 "ntapi",
 "wasi",
 "winapi",
]

[[package]]
name = "miow"
version = "0.3.7"
source = "registry+https://github.com/rust-lang/crates.io-index"
checksum = "b9f1c5b025cda876f66ef43a113f91ebc9f4ccef34843000e0adf6ebbab84e21"
dependencies = [
 "winapi",
]

[[package]]
name = "ncurses"
version = "5.101.0"
source = "registry+https://github.com/rust-lang/crates.io-index"
checksum = "5e2c5d34d72657dc4b638a1c25d40aae81e4f1c699062f72f467237920752032"
dependencies = [
 "cc",
 "libc",
 "pkg-config",
]

[[package]]
name = "ntapi"
version = "0.3.7"
source = "registry+https://github.com/rust-lang/crates.io-index"
checksum = "c28774a7fd2fbb4f0babd8237ce554b73af68021b5f695a3cebd6c59bac0980f"
dependencies = [
 "winapi",
]

[[package]]
name = "num-integer"
version = "0.1.45"
source = "registry+https://github.com/rust-lang/crates.io-index"
checksum = "225d3389fb3509a24c93f5c29eb6bde2586b98d9f016636dff58d7c6f7569cd9"
dependencies = [
 "autocfg",
 "num-traits",
]

[[package]]
name = "num-traits"
version = "0.2.15"
source = "registry+https://github.com/rust-lang/crates.io-index"
checksum = "578ede34cf02f8924ab9447f50c28075b4d3e5b269972345e7e0372b38c6cdcd"
dependencies = [
 "autocfg",
]

[[package]]
name = "num_cpus"
version = "1.13.1"
source = "registry+https://github.com/rust-lang/crates.io-index"
checksum = "19e64526ebdee182341572e50e9ad03965aa510cd94427a4549448f285e957a1"
dependencies = [
 "hermit-abi",
 "libc",
]

[[package]]
name = "once_cell"
version = "1.10.0"
source = "registry+https://github.com/rust-lang/crates.io-index"
checksum = "87f3e037eac156d1775da914196f0f37741a274155e34a0b7e427c35d2a2ecb9"

[[package]]
name = "pin-project-lite"
version = "0.2.9"
source = "registry+https://github.com/rust-lang/crates.io-index"
checksum = "e0a7ae3ac2f1173085d398531c705756c94a4c56843785df85a60c1a0afac116"

[[package]]
name = "pkg-config"
version = "0.3.25"
source = "registry+https://github.com/rust-lang/crates.io-index"
checksum = "1df8c4ec4b0627e53bdf214615ad287367e482558cf84b109250b37464dc03ae"

[[package]]
name = "proc-macro2"
version = "1.0.37"
source = "registry+https://github.com/rust-lang/crates.io-index"
checksum = "ec757218438d5fda206afc041538b2f6d889286160d649a86a24d37e1235afd1"
dependencies = [
 "unicode-xid",
]

[[package]]
name = "quote"
version = "1.0.18"
source = "registry+https://github.com/rust-lang/crates.io-index"
checksum = "a1feb54ed693b93a84e14094943b84b7c4eae204c512b7ccb95ab0c66d278ad1"
dependencies = [
 "proc-macro2",
]

[[package]]
name = "rtop-rs"
version = "1.1.0-beta.0"
dependencies = [
 "chrono",
 "home",
 "libloading",
 "ncurses",
 "rtop_dev",
 "serde",
 "serde_json",
 "sysinfo",
 "tokio",
]

[[package]]
name = "rtop_dev"
version = "0.3.0-beta.0"
source = "registry+https://github.com/rust-lang/crates.io-index"
checksum = "63072215e234aa026e0bff03d42a78954c365949ceb094deafe3d1b8fab4237c"

[[package]]
name = "ryu"
version = "1.0.9"
source = "registry+https://github.com/rust-lang/crates.io-index"
checksum = "73b4b750c782965c211b42f022f59af1fbceabdd026623714f104152f1ec149f"

[[package]]
name = "serde"
version = "1.0.137"
source = "registry+https://github.com/rust-lang/crates.io-index"
checksum = "61ea8d54c77f8315140a05f4c7237403bf38b72704d031543aa1d16abbf517d1"
dependencies = [
 "serde_derive",
]

[[package]]
name = "serde_derive"
version = "1.0.137"
source = "registry+https://github.com/rust-lang/crates.io-index"
checksum = "1f26faba0c3959972377d3b2d306ee9f71faee9714294e41bb777f83f88578be"
dependencies = [
 "proc-macro2",
 "quote",
 "syn",
]

[[package]]
name = "serde_json"
version = "1.0.81"
source = "registry+https://github.com/rust-lang/crates.io-index"
checksum = "9b7ce2b32a1aed03c558dc61a5cd328f15aff2dbc17daad8fb8af04d2100e15c"
dependencies = [
 "itoa",
 "ryu",
 "serde",
]

[[package]]
name = "signal-hook-registry"
version = "1.4.0"
source = "registry+https://github.com/rust-lang/crates.io-index"
checksum = "e51e73328dc4ac0c7ccbda3a494dfa03df1de2f46018127f60c693f2648455b0"
dependencies = [
 "libc",
]

[[package]]
name = "syn"
version = "1.0.92"
source = "registry+https://github.com/rust-lang/crates.io-index"
checksum = "7ff7c592601f11445996a06f8ad0c27f094a58857c2f89e97974ab9235b92c52"
dependencies = [
 "proc-macro2",
 "quote",
 "unicode-xid",
]

[[package]]
name = "sysinfo"
version = "0.23.11"
source = "registry+https://github.com/rust-lang/crates.io-index"
checksum = "3bf915673a340ee41f2fc24ad1286c75ea92026f04b65a0d0e5132d80b95fc61"
dependencies = [
 "cfg-if",
 "core-foundation-sys",
 "libc",
 "ntapi",
 "once_cell",
 "winapi",
]

[[package]]
name = "tokio"
version = "1.18.1"
source = "registry+https://github.com/rust-lang/crates.io-index"
checksum = "dce653fb475565de9f6fb0614b28bca8df2c430c0cf84bcd9c843f15de5414cc"
dependencies = [
 "libc",
 "mio",
 "num_cpus",
 "once_cell",
 "pin-project-lite",
 "signal-hook-registry",
 "tokio-macros",
 "winapi",
]

[[package]]
name = "tokio-macros"
version = "1.7.0"
source = "registry+https://github.com/rust-lang/crates.io-index"
checksum = "b557f72f448c511a979e2564e55d74e6c4432fc96ff4f6241bc6bded342643b7"
dependencies = [
 "proc-macro2",
 "quote",
 "syn",
]

[[package]]
name = "unicode-xid"
version = "0.2.3"
source = "registry+https://github.com/rust-lang/crates.io-index"
checksum = "957e51f3646910546462e67d5f7599b9e4fb8acdd304b087a6494730f9eebf04"

[[package]]
name = "wasi"
version = "0.11.0+wasi-snapshot-preview1"
source = "registry+https://github.com/rust-lang/crates.io-index"
checksum = "9c8d87e72b64a3b4db28d11ce29237c246188f4f51057d65a7eab63b7987e423"

[[package]]
name = "winapi"
version = "0.3.9"
source = "registry+https://github.com/rust-lang/crates.io-index"
checksum = "5c839a674fcd7a98952e593242ea400abe93992746761e38641405d28b00f419"
dependencies = [
 "winapi-i686-pc-windows-gnu",
 "winapi-x86_64-pc-windows-gnu",
]

[[package]]
name = "winapi-i686-pc-windows-gnu"
version = "0.4.0"
source = "registry+https://github.com/rust-lang/crates.io-index"
checksum = "ac3b87c63620426dd9b991e5ce0329eff545bccbbb34f3be09ff6fb6ab51b7b6"

[[package]]
name = "winapi-x86_64-pc-windows-gnu"
version = "0.4.0"
source = "registry+https://github.com/rust-lang/crates.io-index"
checksum = "712e227841d057c1ee1cd2fb22fa7e5a5461ae8e48fa2ca79ec42cfc1931183f"
